
Microsoft Visual Studio Solution File, Format Version 12.00
# Visual Studio Version 16
VisualStudioVersion = 16.0.30413.136
MinimumVisualStudioVersion = 10.0.40219.1
Project("{FAE04EC0-301F-11D3-BF4B-00C04F79EFBC}") = "LobitaDownloader", "LobitaDownloader\LobitaDownloader.csproj", "{61D615DA-BA48-4744-8AE2-11829E6703EF}"
EndProject
Global
	GlobalSection(SolutionConfigurationPlatforms) = preSolution
		Debug|Any CPU = Debug|Any CPU
		Release|Any CPU = Release|Any CPU
	EndGlobalSection
	GlobalSection(ProjectConfigurationPlatforms) = postSolution
		{61D615DA-BA48-4744-8AE2-11829E6703EF}.Debug|Any CPU.ActiveCfg = Debug|Any CPU
		{61D615DA-BA48-4744-8AE2-11829E6703EF}.Debug|Any CPU.Build.0 = Debug|Any CPU
		{61D615DA-BA48-4744-8AE2-11829E6703EF}.Release|Any CPU.ActiveCfg = Release|Any CPU
		{61D615DA-BA48-4744-8AE2-11829E6703EF}.Release|Any CPU.Build.0 = Release|Any CPU
	EndGlobalSection
	GlobalSection(SolutionProperties) = preSolution
		HideSolutionNode = FALSE
	EndGlobalSection
	GlobalSection(ExtensibilityGlobals) = postSolution
		SolutionGuid = {5DB60CB5-EFB4-4059-901D-CAE597D357C4}
	EndGlobalSection
EndGlobal
